
Microsoft Visual Studio Solution File, Format Version 12.00
# Visual Studio 15
VisualStudioVersion = 15.0.28307.168
MinimumVisualStudioVersion = 10.0.40219.1
Project("{FAE04EC0-301F-11D3-BF4B-00C04F79EFBC}") = "MadLibs", "MadLibs\MadLibs.csproj", "{B50F6440-CC71-47BB-8C66-10F8C93F2AA2}"
EndProject
Global
	GlobalSection(SolutionConfigurationPlatforms) = preSolution
		Debug|Any CPU = Debug|Any CPU
		Release|Any CPU = Release|Any CPU
	EndGlobalSection
	GlobalSection(ProjectConfigurationPlatforms) = postSolution
		{B50F6440-CC71-47BB-8C66-10F8C93F2AA2}.Debug|Any CPU.ActiveCfg = Debug|Any CPU
		{B50F6440-CC71-47BB-8C66-10F8C93F2AA2}.Debug|Any CPU.Build.0 = Debug|Any CPU
		{B50F6440-CC71-47BB-8C66-10F8C93F2AA2}.Release|Any CPU.ActiveCfg = Release|Any CPU
		{B50F6440-CC71-47BB-8C66-10F8C93F2AA2}.Release|Any CPU.Build.0 = Release|Any CPU
	EndGlobalSection
	GlobalSection(SolutionProperties) = preSolution
		HideSolutionNode = FALSE
	EndGlobalSection
	GlobalSection(ExtensibilityGlobals) = postSolution
		SolutionGuid = {50FCE2C4-851B-4AC6-974A-C9ED1AA8CB90}
	EndGlobalSection
EndGlobal
